
Microsoft Visual Studio Solution File, Format Version 12.00
# Visual Studio 15
Project("{FAE04EC0-301F-11D3-BF4B-00C04F79EFBC}") = "Assembly-CSharp", "Assembly-CSharp.csproj", "{3B99D6A8-8B40-6058-0499-DD190F907287}"
EndProject
Project("{FAE04EC0-301F-11D3-BF4B-00C04F79EFBC}") = "PhotonUnityNetworking.Demos", "PhotonUnityNetworking.Demos.csproj", "{77218399-0AE5-EE36-D3FA-A785CDC88919}"
EndProject
Project("{FAE04EC0-301F-11D3-BF4B-00C04F79EFBC}") = "PhotonRealtime", "PhotonRealtime.csproj", "{C67AB74B-C648-0998-E7A3-590436AC2E39}"
EndProject
Project("{FAE04EC0-301F-11D3-BF4B-00C04F79EFBC}") = "PhotonUnityNetworking", "PhotonUnityNetworking.csproj", "{E9EDD8F6-45A9-5326-CA73-92315A197FDF}"
EndProject
Project("{FAE04EC0-301F-11D3-BF4B-00C04F79EFBC}") = "PhotonUnityNetworking.Utilities", "PhotonUnityNetworking.Utilities.csproj", "{6B292C2F-D9FB-A3FE-3F02-EA50C48D7DF4}"
EndProject
Project("{FAE04EC0-301F-11D3-BF4B-00C04F79EFBC}") = "PhotonChat", "PhotonChat.csproj", "{8A264C4B-35D5-AA3B-F1F4-688FE9B1C155}"
EndProject
Project("{FAE04EC0-301F-11D3-BF4B-00C04F79EFBC}") = "PhotonUnityNetworking.Editor", "PhotonUnityNetworking.Editor.csproj", "{52CB6E42-A3DC-DF1E-E181-2A50413E4337}"
EndProject
Project("{FAE04EC0-301F-11D3-BF4B-00C04F79EFBC}") = "PhotonUnityNetworking.Utilities.PhotonPlayer.Editor", "PhotonUnityNetworking.Utilities.PhotonPlayer.Editor.csproj", "{DF580981-D68C-5262-6E65-CA16C03087BF}"
EndProject
Project("{FAE04EC0-301F-11D3-BF4B-00C04F79EFBC}") = "PunDemos.DemoSlotcarEditor", "PunDemos.DemoSlotcarEditor.csproj", "{B530E4FA-CAB2-D69A-83A3-4AA7C0A52F8A}"
EndProject
Project("{FAE04EC0-301F-11D3-BF4B-00C04F79EFBC}") = "PhotonUnityNetworking.Utilities.Culling.Editor", "PhotonUnityNetworking.Utilities.Culling.Editor.csproj", "{5A07DA64-A726-7724-2F0F-D2C79E64513A}"
EndProject
Project("{FAE04EC0-301F-11D3-BF4B-00C04F79EFBC}") = "PunDemos.DemoHubEditor", "PunDemos.DemoHubEditor.csproj", "{5D17C35F-F463-F7F3-F428-79A4FFB761BF}"
EndProject
Global
	GlobalSection(SolutionConfigurationPlatforms) = preSolution
		Debug|Any CPU = Debug|Any CPU
		Release|Any CPU = Release|Any CPU
	EndGlobalSection
	GlobalSection(ProjectConfigurationPlatforms) = postSolution
		{3B99D6A8-8B40-6058-0499-DD190F907287}.Debug|Any CPU.ActiveCfg = Debug|Any CPU
		{3B99D6A8-8B40-6058-0499-DD190F907287}.Debug|Any CPU.Build.0 = Debug|Any CPU
		{3B99D6A8-8B40-6058-0499-DD190F907287}.Release|Any CPU.ActiveCfg = Release|Any CPU
		{3B99D6A8-8B40-6058-0499-DD190F907287}.Release|Any CPU.Build.0 = Release|Any CPU
		{77218399-0AE5-EE36-D3FA-A785CDC88919}.Debug|Any CPU.ActiveCfg = Debug|Any CPU
		{77218399-0AE5-EE36-D3FA-A785CDC88919}.Debug|Any CPU.Build.0 = Debug|Any CPU
		{77218399-0AE5-EE36-D3FA-A785CDC88919}.Release|Any CPU.ActiveCfg = Release|Any CPU
		{77218399-0AE5-EE36-D3FA-A785CDC88919}.Release|Any CPU.Build.0 = Release|Any CPU
		{C67AB74B-C648-0998-E7A3-590436AC2E39}.Debug|Any CPU.ActiveCfg = Debug|Any CPU
		{C67AB74B-C648-0998-E7A3-590436AC2E39}.Debug|Any CPU.Build.0 = Debug|Any CPU
		{C67AB74B-C648-0998-E7A3-590436AC2E39}.Release|Any CPU.ActiveCfg = Release|Any CPU
		{C67AB74B-C648-0998-E7A3-590436AC2E39}.Release|Any CPU.Build.0 = Release|Any CPU
		{E9EDD8F6-45A9-5326-CA73-92315A197FDF}.Debug|Any CPU.ActiveCfg = Debug|Any CPU
		{E9EDD8F6-45A9-5326-CA73-92315A197FDF}.Debug|Any CPU.Build.0 = Debug|Any CPU
		{E9EDD8F6-45A9-5326-CA73-92315A197FDF}.Release|Any CPU.ActiveCfg = Release|Any CPU
		{E9EDD8F6-45A9-5326-CA73-92315A197FDF}.Release|Any CPU.Build.0 = Release|Any CPU
		{6B292C2F-D9FB-A3FE-3F02-EA50C48D7DF4}.Debug|Any CPU.ActiveCfg = Debug|Any CPU
		{6B292C2F-D9FB-A3FE-3F02-EA50C48D7DF4}.Debug|Any CPU.Build.0 = Debug|Any CPU
		{6B292C2F-D9FB-A3FE-3F02-EA50C48D7DF4}.Release|Any CPU.ActiveCfg = Release|Any CPU
		{6B292C2F-D9FB-A3FE-3F02-EA50C48D7DF4}.Release|Any CPU.Build.0 = Release|Any CPU
		{8A264C4B-35D5-AA3B-F1F4-688FE9B1C155}.Debug|Any CPU.ActiveCfg = Debug|Any CPU
		{8A264C4B-35D5-AA3B-F1F4-688FE9B1C155}.Debug|Any CPU.Build.0 = Debug|Any CPU
		{8A264C4B-35D5-AA3B-F1F4-688FE9B1C155}.Release|Any CPU.ActiveCfg = Release|Any CPU
		{8A264C4B-35D5-AA3B-F1F4-688FE9B1C155}.Release|Any CPU.Build.0 = Release|Any CPU
		{52CB6E42-A3DC-DF1E-E181-2A50413E4337}.Debug|Any CPU.ActiveCfg = Debug|Any CPU
		{52CB6E42-A3DC-DF1E-E181-2A50413E4337}.Debug|Any CPU.Build.0 = Debug|Any CPU
		{52CB6E42-A3DC-DF1E-E181-2A50413E4337}.Release|Any CPU.ActiveCfg = Release|Any CPU
		{52CB6E42-A3DC-DF1E-E181-2A50413E4337}.Release|Any CPU.Build.0 = Release|Any CPU
		{DF580981-D68C-5262-6E65-CA16C03087BF}.Debug|Any CPU.ActiveCfg = Debug|Any CPU
		{DF580981-D68C-5262-6E65-CA16C03087BF}.Debug|Any CPU.Build.0 = Debug|Any CPU
		{DF580981-D68C-5262-6E65-CA16C03087BF}.Release|Any CPU.ActiveCfg = Release|Any CPU
		{DF580981-D68C-5262-6E65-CA16C03087BF}.Release|Any CPU.Build.0 = Release|Any CPU
		{B530E4FA-CAB2-D69A-83A3-4AA7C0A52F8A}.Debug|Any CPU.ActiveCfg = Debug|Any CPU
		{B530E4FA-CAB2-D69A-83A3-4AA7C0A52F8A}.Debug|Any CPU.Build.0 = Debug|Any CPU
		{B530E4FA-CAB2-D69A-83A3-4AA7C0A52F8A}.Release|Any CPU.ActiveCfg = Release|Any CPU
		{B530E4FA-CAB2-D69A-83A3-4AA7C0A52F8A}.Release|Any CPU.Build.0 = Release|Any CPU
		{5A07DA64-A726-7724-2F0F-D2C79E64513A}.Debug|Any CPU.ActiveCfg = Debug|Any CPU
		{5A07DA64-A726-7724-2F0F-D2C79E64513A}.Debug|Any CPU.Build.0 = Debug|Any CPU
		{5A07DA64-A726-7724-2F0F-D2C79E64513A}.Release|Any CPU.ActiveCfg = Release|Any CPU
		{5A07DA64-A726-7724-2F0F-D2C79E64513A}.Release|Any CPU.Build.0 = Release|Any CPU
		{5D17C35F-F463-F7F3-F428-79A4FFB761BF}.Debug|Any CPU.ActiveCfg = Debug|Any CPU
		{5D17C35F-F463-F7F3-F428-79A4FFB761BF}.Debug|Any CPU.Build.0 = Debug|Any CPU
		{5D17C35F-F463-F7F3-F428-79A4FFB761BF}.Release|Any CPU.ActiveCfg = Release|Any CPU
		{5D17C35F-F463-F7F3-F428-79A4FFB761BF}.Release|Any CPU.Build.0 = Release|Any CPU
	EndGlobalSection
	GlobalSection(SolutionProperties) = preSolution
		HideSolutionNode = FALSE
	EndGlobalSection
EndGlobal
